
Microsoft Visual Studio Solution File, Format Version 12.00
# Visual Studio Version 16
VisualStudioVersion = 16.0.28922.388
MinimumVisualStudioVersion = 10.0.40219.1
Project("{9A19103F-16F7-4668-BE54-9A1E7A4F7556}") = "HeroBot.Common", "HeroBot.Common\HeroBot.Common.csproj", "{D132FFD7-9D7D-4E22-80CB-61685E4BC517}"
EndProject
Project("{9A19103F-16F7-4668-BE54-9A1E7A4F7556}") = "HeroBot.Core", "HeroBot.Core\HeroBot.Core.csproj", "{3C3873EA-C790-4263-9414-CF156CFA3CD2}"
EndProject
Project("{2150E333-8FDC-42A3-9474-1A3956D46DE8}") = "Plugins", "Plugins", "{F06DCA2A-8462-4C65-8F49-FB03E238A32C}"
EndProject
Project("{9A19103F-16F7-4668-BE54-9A1E7A4F7556}") = "HeroBot.Plugins.Mod", "HeroBot.Plugins.Mod\HeroBot.Plugins.Mod.csproj", "{EF941804-3AA1-44E4-AC2B-BA4A0E399A1C}"
EndProject
Project("{9A19103F-16F7-4668-BE54-9A1E7A4F7556}") = "HeroBot.Plugins.Images", "HeroBot.Plugins.Images\HeroBot.Plugins.Images.csproj", "{635CC9F8-24E0-4842-8877-F24A6E208088}"
EndProject
Project("{9A19103F-16F7-4668-BE54-9A1E7A4F7556}") = "HeroBot.Plugins.HeroBot", "HeroBot.Plugins.HeroBot\HeroBot.Plugins.HeroBot.csproj", "{BC47F079-8D31-42DC-8799-29F4472F37D2}"
EndProject
Project("{9A19103F-16F7-4668-BE54-9A1E7A4F7556}") = "HeroBot.Plugins.DevTools", "HeroBot.Plugins.DevTools\HeroBot.Plugins.DevTools.csproj", "{E6004C9A-0270-44C7-9413-FE0126CA3751}"
EndProject
Project("{9A19103F-16F7-4668-BE54-9A1E7A4F7556}") = "HeroBot.Plugins.RemindMe", "HeroBot.Plugins.RemindMe\HeroBot.Plugins.RemindMe.csproj", "{9087F6A9-D6CD-4984-87D7-268DF46A2655}"
EndProject
Project("{9A19103F-16F7-4668-BE54-9A1E7A4F7556}") = "Herobot.Plugins.Example", "Herobot.Plugins.Example\Herobot.Plugins.Example.csproj", "{F15C94E1-DC0A-4DF9-9EB0-E263280D9380}"
EndProject
Project("{9A19103F-16F7-4668-BE54-9A1E7A4F7556}") = "HeroBot.Plugins.RP", "HeroBot.Plugins.RP\HeroBot.Plugins.RP.csproj", "{F917A0DB-16C3-4244-8348-CD72E7B1D3D1}"
EndProject
Project("{9A19103F-16F7-4668-BE54-9A1E7A4F7556}") = "HeroBot.Plugins.GiveAway", "HeroBot.Plugins.GiveAway\HeroBot.Plugins.GiveAway.csproj", "{60ACDE62-2260-4037-B899-23CB0A489305}"
EndProject
Project("{FAE04EC0-301F-11D3-BF4B-00C04F79EFBC}") = "HeroBot.Plugins.Music", "HeroBot.Plugins.Music\HeroBot.Plugins.Music.csproj", "{404140EC-EFD8-44E9-A591-AABC0604DAF3}"
EndProject
Global
	GlobalSection(SolutionConfigurationPlatforms) = preSolution
		Debug|Any CPU = Debug|Any CPU
		Release|Any CPU = Release|Any CPU
	EndGlobalSection
	GlobalSection(ProjectConfigurationPlatforms) = postSolution
		{D132FFD7-9D7D-4E22-80CB-61685E4BC517}.Debug|Any CPU.ActiveCfg = Debug|Any CPU
		{D132FFD7-9D7D-4E22-80CB-61685E4BC517}.Debug|Any CPU.Build.0 = Debug|Any CPU
		{D132FFD7-9D7D-4E22-80CB-61685E4BC517}.Release|Any CPU.ActiveCfg = Release|Any CPU
		{D132FFD7-9D7D-4E22-80CB-61685E4BC517}.Release|Any CPU.Build.0 = Release|Any CPU
		{3C3873EA-C790-4263-9414-CF156CFA3CD2}.Debug|Any CPU.ActiveCfg = Debug|Any CPU
		{3C3873EA-C790-4263-9414-CF156CFA3CD2}.Debug|Any CPU.Build.0 = Debug|Any CPU
		{3C3873EA-C790-4263-9414-CF156CFA3CD2}.Release|Any CPU.ActiveCfg = Release|Any CPU
		{3C3873EA-C790-4263-9414-CF156CFA3CD2}.Release|Any CPU.Build.0 = Release|Any CPU
		{EF941804-3AA1-44E4-AC2B-BA4A0E399A1C}.Debug|Any CPU.ActiveCfg = Debug|Any CPU
		{EF941804-3AA1-44E4-AC2B-BA4A0E399A1C}.Debug|Any CPU.Build.0 = Debug|Any CPU
		{EF941804-3AA1-44E4-AC2B-BA4A0E399A1C}.Release|Any CPU.ActiveCfg = Release|Any CPU
		{EF941804-3AA1-44E4-AC2B-BA4A0E399A1C}.Release|Any CPU.Build.0 = Release|Any CPU
		{635CC9F8-24E0-4842-8877-F24A6E208088}.Debug|Any CPU.ActiveCfg = Debug|Any CPU
		{635CC9F8-24E0-4842-8877-F24A6E208088}.Debug|Any CPU.Build.0 = Debug|Any CPU
		{635CC9F8-24E0-4842-8877-F24A6E208088}.Release|Any CPU.ActiveCfg = Release|Any CPU
		{635CC9F8-24E0-4842-8877-F24A6E208088}.Release|Any CPU.Build.0 = Release|Any CPU
		{BC47F079-8D31-42DC-8799-29F4472F37D2}.Debug|Any CPU.ActiveCfg = Debug|Any CPU
		{BC47F079-8D31-42DC-8799-29F4472F37D2}.Debug|Any CPU.Build.0 = Debug|Any CPU
		{BC47F079-8D31-42DC-8799-29F4472F37D2}.Release|Any CPU.ActiveCfg = Release|Any CPU
		{BC47F079-8D31-42DC-8799-29F4472F37D2}.Release|Any CPU.Build.0 = Release|Any CPU
		{E6004C9A-0270-44C7-9413-FE0126CA3751}.Debug|Any CPU.ActiveCfg = Debug|Any CPU
		{E6004C9A-0270-44C7-9413-FE0126CA3751}.Debug|Any CPU.Build.0 = Debug|Any CPU
		{E6004C9A-0270-44C7-9413-FE0126CA3751}.Release|Any CPU.ActiveCfg = Release|Any CPU
		{E6004C9A-0270-44C7-9413-FE0126CA3751}.Release|Any CPU.Build.0 = Release|Any CPU
		{9087F6A9-D6CD-4984-87D7-268DF46A2655}.Debug|Any CPU.ActiveCfg = Debug|Any CPU
		{9087F6A9-D6CD-4984-87D7-268DF46A2655}.Debug|Any CPU.Build.0 = Debug|Any CPU
		{9087F6A9-D6CD-4984-87D7-268DF46A2655}.Release|Any CPU.ActiveCfg = Release|Any CPU
		{9087F6A9-D6CD-4984-87D7-268DF46A2655}.Release|Any CPU.Build.0 = Release|Any CPU
		{F15C94E1-DC0A-4DF9-9EB0-E263280D9380}.Debug|Any CPU.ActiveCfg = Debug|Any CPU
		{F15C94E1-DC0A-4DF9-9EB0-E263280D9380}.Debug|Any CPU.Build.0 = Debug|Any CPU
		{F15C94E1-DC0A-4DF9-9EB0-E263280D9380}.Release|Any CPU.ActiveCfg = Release|Any CPU
		{F15C94E1-DC0A-4DF9-9EB0-E263280D9380}.Release|Any CPU.Build.0 = Release|Any CPU
		{F917A0DB-16C3-4244-8348-CD72E7B1D3D1}.Debug|Any CPU.ActiveCfg = Debug|Any CPU
		{F917A0DB-16C3-4244-8348-CD72E7B1D3D1}.Debug|Any CPU.Build.0 = Debug|Any CPU
		{F917A0DB-16C3-4244-8348-CD72E7B1D3D1}.Release|Any CPU.ActiveCfg = Release|Any CPU
		{F917A0DB-16C3-4244-8348-CD72E7B1D3D1}.Release|Any CPU.Build.0 = Release|Any CPU
		{60ACDE62-2260-4037-B899-23CB0A489305}.Debug|Any CPU.ActiveCfg = Debug|Any CPU
		{60ACDE62-2260-4037-B899-23CB0A489305}.Debug|Any CPU.Build.0 = Debug|Any CPU
		{60ACDE62-2260-4037-B899-23CB0A489305}.Release|Any CPU.ActiveCfg = Release|Any CPU
		{60ACDE62-2260-4037-B899-23CB0A489305}.Release|Any CPU.Build.0 = Release|Any CPU
		{404140EC-EFD8-44E9-A591-AABC0604DAF3}.Debug|Any CPU.ActiveCfg = Debug|Any CPU
		{404140EC-EFD8-44E9-A591-AABC0604DAF3}.Debug|Any CPU.Build.0 = Debug|Any CPU
		{404140EC-EFD8-44E9-A591-AABC0604DAF3}.Release|Any CPU.ActiveCfg = Release|Any CPU
		{404140EC-EFD8-44E9-A591-AABC0604DAF3}.Release|Any CPU.Build.0 = Release|Any CPU
	EndGlobalSection
	GlobalSection(SolutionProperties) = preSolution
		HideSolutionNode = FALSE
	EndGlobalSection
	GlobalSection(NestedProjects) = preSolution
		{EF941804-3AA1-44E4-AC2B-BA4A0E399A1C} = {F06DCA2A-8462-4C65-8F49-FB03E238A32C}
		{635CC9F8-24E0-4842-8877-F24A6E208088} = {F06DCA2A-8462-4C65-8F49-FB03E238A32C}
		{BC47F079-8D31-42DC-8799-29F4472F37D2} = {F06DCA2A-8462-4C65-8F49-FB03E238A32C}
		{E6004C9A-0270-44C7-9413-FE0126CA3751} = {F06DCA2A-8462-4C65-8F49-FB03E238A32C}
		{9087F6A9-D6CD-4984-87D7-268DF46A2655} = {F06DCA2A-8462-4C65-8F49-FB03E238A32C}
		{F15C94E1-DC0A-4DF9-9EB0-E263280D9380} = {F06DCA2A-8462-4C65-8F49-FB03E238A32C}
		{F917A0DB-16C3-4244-8348-CD72E7B1D3D1} = {F06DCA2A-8462-4C65-8F49-FB03E238A32C}
		{60ACDE62-2260-4037-B899-23CB0A489305} = {F06DCA2A-8462-4C65-8F49-FB03E238A32C}
		{404140EC-EFD8-44E9-A591-AABC0604DAF3} = {F06DCA2A-8462-4C65-8F49-FB03E238A32C}
	EndGlobalSection
	GlobalSection(ExtensibilityGlobals) = postSolution
		SolutionGuid = {45503C80-C85E-415F-BCFF-19A968AC8819}
	EndGlobalSection
EndGlobal
